// !$*UTF8*$!
{
	archiveVersion = 1;
	classes = {
	};
	objectVersion = 50;
	objects = {

/* Begin PBXBuildFile section */
		23096F7D21610AC200560CAF /* AppDelegate.swift in Sources */ = {isa = PBXBuildFile; fileRef = 23096F7C21610AC200560CAF /* AppDelegate.swift */; };
		23096F7F21610AC200560CAF /* MainViewController.swift in Sources */ = {isa = PBXBuildFile; fileRef = 23096F7E21610AC200560CAF /* MainViewController.swift */; };
		23096F8221610AC200560CAF /* Main.storyboard in Resources */ = {isa = PBXBuildFile; fileRef = 23096F8021610AC200560CAF /* Main.storyboard */; };
		23096F8421610AC600560CAF /* Assets.xcassets in Resources */ = {isa = PBXBuildFile; fileRef = 23096F8321610AC600560CAF /* Assets.xcassets */; };
		23096F8721610AC600560CAF /* LaunchScreen.storyboard in Resources */ = {isa = PBXBuildFile; fileRef = 23096F8521610AC600560CAF /* LaunchScreen.storyboard */; };
		23096F9221610AC600560CAF /* Learning_iOSTests.swift in Sources */ = {isa = PBXBuildFile; fileRef = 23096F9121610AC600560CAF /* Learning_iOSTests.swift */; };
		23096F9D21610AC600560CAF /* Learning_iOSUITests.swift in Sources */ = {isa = PBXBuildFile; fileRef = 23096F9C21610AC600560CAF /* Learning_iOSUITests.swift */; };
		23096FAD21625D1A00560CAF /* SceneChangeSampleViewController.swift in Sources */ = {isa = PBXBuildFile; fileRef = 23096FAC21625D1A00560CAF /* SceneChangeSampleViewController.swift */; };
		239DA0522164F45600A4E7FD /* CounterSampleViewController.swift in Sources */ = {isa = PBXBuildFile; fileRef = 239DA0512164F45600A4E7FD /* CounterSampleViewController.swift */; };
		239DA0542166D99D00A4E7FD /* NavigationWithParameterSampleViewController.swift in Sources */ = {isa = PBXBuildFile; fileRef = 239DA0532166D99D00A4E7FD /* NavigationWithParameterSampleViewController.swift */; };
		239DA0562166DA1600A4E7FD /* ReceiveParameterSampleViewController.swift in Sources */ = {isa = PBXBuildFile; fileRef = 239DA0552166DA1600A4E7FD /* ReceiveParameterSampleViewController.swift */; };
		239DA058216E305A00A4E7FD /* CameraViewController.swift in Sources */ = {isa = PBXBuildFile; fileRef = 239DA057216E305A00A4E7FD /* CameraViewController.swift */; };
		239DA05A2172F38B00A4E7FD /* CameraRollSampleCollectionViewController.swift in Sources */ = {isa = PBXBuildFile; fileRef = 239DA0592172F38B00A4E7FD /* CameraRollSampleCollectionViewController.swift */; };
		23A3412A217308A4009A0ACB /* CameraRollSampleCollectionViewCell.swift in Sources */ = {isa = PBXBuildFile; fileRef = 23A34129217308A4009A0ACB /* CameraRollSampleCollectionViewCell.swift */; };
		23A3412C217400A5009A0ACB /* ImageViewController.swift in Sources */ = {isa = PBXBuildFile; fileRef = 23A3412B217400A5009A0ACB /* ImageViewController.swift */; };
		7F5F2B47218035E3002E22A9 /* RxCocoa.framework in Frameworks */ = {isa = PBXBuildFile; fileRef = 7F5F2B43218035E3002E22A9 /* RxCocoa.framework */; };
		7F5F2B48218035E3002E22A9 /* Realm.framework in Frameworks */ = {isa = PBXBuildFile; fileRef = 7F5F2B44218035E3002E22A9 /* Realm.framework */; };
		7F5F2B49218035E3002E22A9 /* RealmSwift.framework in Frameworks */ = {isa = PBXBuildFile; fileRef = 7F5F2B45218035E3002E22A9 /* RealmSwift.framework */; };
		7F5F2B4A218035E3002E22A9 /* RxSwift.framework in Frameworks */ = {isa = PBXBuildFile; fileRef = 7F5F2B46218035E3002E22A9 /* RxSwift.framework */; };
		7F5F2B5021803F31002E22A9 /* Nimble.framework in Frameworks */ = {isa = PBXBuildFile; fileRef = 7F5F2B4C21803F31002E22A9 /* Nimble.framework */; };
		7F5F2B5121803F31002E22A9 /* Quick.framework in Frameworks */ = {isa = PBXBuildFile; fileRef = 7F5F2B4D21803F31002E22A9 /* Quick.framework */; };
		7F5F2B5221803F31002E22A9 /* RxTest.framework in Frameworks */ = {isa = PBXBuildFile; fileRef = 7F5F2B4E21803F31002E22A9 /* RxTest.framework */; };
		7F5F2B5321803F31002E22A9 /* RxBlocking.framework in Frameworks */ = {isa = PBXBuildFile; fileRef = 7F5F2B4F21803F31002E22A9 /* RxBlocking.framework */; };
		7F5F2B5721804067002E22A9 /* ApiClientMock.swift in Sources */ = {isa = PBXBuildFile; fileRef = 7F5F2B5621804067002E22A9 /* ApiClientMock.swift */; };
		7F5F2B5A21804094002E22A9 /* GithubJson.swift in Sources */ = {isa = PBXBuildFile; fileRef = 7F5F2B5921804094002E22A9 /* GithubJson.swift */; };
		7F5F2B5C218040D0002E22A9 /* GithubApiSpec.swift in Sources */ = {isa = PBXBuildFile; fileRef = 7F5F2B5B218040D0002E22A9 /* GithubApiSpec.swift */; };
		7F5F2B5E218042A3002E22A9 /* GithubRepositorySpec.swift in Sources */ = {isa = PBXBuildFile; fileRef = 7F5F2B5D218042A3002E22A9 /* GithubRepositorySpec.swift */; };
		7F5F2B6121804553002E22A9 /* GithubRepositoryMock.swift in Sources */ = {isa = PBXBuildFile; fileRef = 7F5F2B6021804553002E22A9 /* GithubRepositoryMock.swift */; };
		7F5F2B63218046B0002E22A9 /* ContributorDaoMock.swift in Sources */ = {isa = PBXBuildFile; fileRef = 7F5F2B62218046B0002E22A9 /* ContributorDaoMock.swift */; };
		7F5F2B65218048ED002E22A9 /* GithubApiMock.swift in Sources */ = {isa = PBXBuildFile; fileRef = 7F5F2B64218048ED002E22A9 /* GithubApiMock.swift */; };
		7F5F2B69218057D7002E22A9 /* WebApiAccessSampleViewModelSpec.swift in Sources */ = {isa = PBXBuildFile; fileRef = 7F5F2B68218057D7002E22A9 /* WebApiAccessSampleViewModelSpec.swift */; };
		7FAAF878217471DB00089418 /* ApiClient.swift in Sources */ = {isa = PBXBuildFile; fileRef = 7FAAF877217471DB00089418 /* ApiClient.swift */; };
		7FAAF87A21748C1800089418 /* Contributor.swift in Sources */ = {isa = PBXBuildFile; fileRef = 7FAAF87921748C1800089418 /* Contributor.swift */; };
		7FAAF87C2174947200089418 /* GithubApi.swift in Sources */ = {isa = PBXBuildFile; fileRef = 7FAAF87B2174947200089418 /* GithubApi.swift */; };
		7FAAF87E217495CF00089418 /* AppError.swift in Sources */ = {isa = PBXBuildFile; fileRef = 7FAAF87D217495CF00089418 /* AppError.swift */; };
		7FAAF88021757D2C00089418 /* GithubRepository.swift in Sources */ = {isa = PBXBuildFile; fileRef = 7FAAF87F21757D2C00089418 /* GithubRepository.swift */; };
		7FAAF8822175ABCC00089418 /* WebApiAccessSampleTableViewController.swift in Sources */ = {isa = PBXBuildFile; fileRef = 7FAAF8812175ABCC00089418 /* WebApiAccessSampleTableViewController.swift */; };
		7FAAF8842175ABEE00089418 /* WebApiAccessSampleTableViewCell.swift in Sources */ = {isa = PBXBuildFile; fileRef = 7FAAF8832175ABEE00089418 /* WebApiAccessSampleTableViewCell.swift */; };
		7FAAF8862175B11200089418 /* Dependency.swift in Sources */ = {isa = PBXBuildFile; fileRef = 7FAAF8852175B11200089418 /* Dependency.swift */; };
		7FAAF8892175BE8A00089418 /* UIImageViewExtension.swift in Sources */ = {isa = PBXBuildFile; fileRef = 7FAAF8882175BE8A00089418 /* UIImageViewExtension.swift */; };
		7FAAF88D2176FAB100089418 /* WebViewController.swift in Sources */ = {isa = PBXBuildFile; fileRef = 7FAAF88C2176FAB100089418 /* WebViewController.swift */; };
		7FAAF89A217818DB00089418 /* WebApiAccessSampleViewModel.swift in Sources */ = {isa = PBXBuildFile; fileRef = 7FAAF899217818DB00089418 /* WebApiAccessSampleViewModel.swift */; };
		7FAAF8AC21799C4800089418 /* ContributorObject.swift in Sources */ = {isa = PBXBuildFile; fileRef = 7FAAF8AB21799C4800089418 /* ContributorObject.swift */; };
		7FAAF8AE2179AE7500089418 /* Database.swift in Sources */ = {isa = PBXBuildFile; fileRef = 7FAAF8AD2179AE7500089418 /* Database.swift */; };
		7FAAF8B02179B07F00089418 /* Compatible.swift in Sources */ = {isa = PBXBuildFile; fileRef = 7FAAF8AF2179B07F00089418 /* Compatible.swift */; };
		7FAAF8B22179BF6200089418 /* ContributorDao.swift in Sources */ = {isa = PBXBuildFile; fileRef = 7FAAF8B12179BF6200089418 /* ContributorDao.swift */; };
		7FAAF8B42179D6D800089418 /* Uniquable.swift in Sources */ = {isa = PBXBuildFile; fileRef = 7FAAF8B32179D6D800089418 /* Uniquable.swift */; };
/* End PBXBuildFile section */

/* Begin PBXContainerItemProxy section */
		23096F8E21610AC600560CAF /* PBXContainerItemProxy */ = {
			isa = PBXContainerItemProxy;
			containerPortal = 23096F7121610AC200560CAF /* Project object */;
			proxyType = 1;
			remoteGlobalIDString = 23096F7821610AC200560CAF;
			remoteInfo = "Learning-iOS";
		};
		23096F9921610AC600560CAF /* PBXContainerItemProxy */ = {
			isa = PBXContainerItemProxy;
			containerPortal = 23096F7121610AC200560CAF /* Project object */;
			proxyType = 1;
			remoteGlobalIDString = 23096F7821610AC200560CAF;
			remoteInfo = "Learning-iOS";
		};
/* End PBXContainerItemProxy section */

/* Begin PBXFileReference section */
		23096F7921610AC200560CAF /* Learning-iOS.app */ = {isa = PBXFileReference; explicitFileType = wrapper.application; includeInIndex = 0; path = "Learning-iOS.app"; sourceTree = BUILT_PRODUCTS_DIR; };
		23096F7C21610AC200560CAF /* AppDelegate.swift */ = {isa = PBXFileReference; lastKnownFileType = sourcecode.swift; path = AppDelegate.swift; sourceTree = "<group>"; };
		23096F7E21610AC200560CAF /* MainViewController.swift */ = {isa = PBXFileReference; lastKnownFileType = sourcecode.swift; path = MainViewController.swift; sourceTree = "<group>"; };
		23096F8121610AC200560CAF /* Base */ = {isa = PBXFileReference; lastKnownFileType = file.storyboard; name = Base; path = Base.lproj/Main.storyboard; sourceTree = "<group>"; };
		23096F8321610AC600560CAF /* Assets.xcassets */ = {isa = PBXFileReference; lastKnownFileType = folder.assetcatalog; path = Assets.xcassets; sourceTree = "<group>"; };
		23096F8621610AC600560CAF /* Base */ = {isa = PBXFileReference; lastKnownFileType = file.storyboard; name = Base; path = Base.lproj/LaunchScreen.storyboard; sourceTree = "<group>"; };
		23096F8821610AC600560CAF /* Info.plist */ = {isa = PBXFileReference; lastKnownFileType = text.plist.xml; path = Info.plist; sourceTree = "<group>"; };
		23096F8D21610AC600560CAF /* Learning-iOSTests.xctest */ = {isa = PBXFileReference; explicitFileType = wrapper.cfbundle; includeInIndex = 0; path = "Learning-iOSTests.xctest"; sourceTree = BUILT_PRODUCTS_DIR; };
		23096F9121610AC600560CAF /* Learning_iOSTests.swift */ = {isa = PBXFileReference; lastKnownFileType = sourcecode.swift; path = Learning_iOSTests.swift; sourceTree = "<group>"; };
		23096F9321610AC600560CAF /* Info.plist */ = {isa = PBXFileReference; lastKnownFileType = text.plist.xml; path = Info.plist; sourceTree = "<group>"; };
		23096F9821610AC600560CAF /* Learning-iOSUITests.xctest */ = {isa = PBXFileReference; explicitFileType = wrapper.cfbundle; includeInIndex = 0; path = "Learning-iOSUITests.xctest"; sourceTree = BUILT_PRODUCTS_DIR; };
		23096F9C21610AC600560CAF /* Learning_iOSUITests.swift */ = {isa = PBXFileReference; lastKnownFileType = sourcecode.swift; path = Learning_iOSUITests.swift; sourceTree = "<group>"; };
		23096F9E21610AC600560CAF /* Info.plist */ = {isa = PBXFileReference; lastKnownFileType = text.plist.xml; path = Info.plist; sourceTree = "<group>"; };
		23096FAC21625D1A00560CAF /* SceneChangeSampleViewController.swift */ = {isa = PBXFileReference; lastKnownFileType = sourcecode.swift; path = SceneChangeSampleViewController.swift; sourceTree = "<group>"; };
		239DA0512164F45600A4E7FD /* CounterSampleViewController.swift */ = {isa = PBXFileReference; lastKnownFileType = sourcecode.swift; path = CounterSampleViewController.swift; sourceTree = "<group>"; };
		239DA0532166D99D00A4E7FD /* NavigationWithParameterSampleViewController.swift */ = {isa = PBXFileReference; lastKnownFileType = sourcecode.swift; path = NavigationWithParameterSampleViewController.swift; sourceTree = "<group>"; };
		239DA0552166DA1600A4E7FD /* ReceiveParameterSampleViewController.swift */ = {isa = PBXFileReference; lastKnownFileType = sourcecode.swift; path = ReceiveParameterSampleViewController.swift; sourceTree = "<group>"; };
		239DA057216E305A00A4E7FD /* CameraViewController.swift */ = {isa = PBXFileReference; lastKnownFileType = sourcecode.swift; path = CameraViewController.swift; sourceTree = "<group>"; };
		239DA0592172F38B00A4E7FD /* CameraRollSampleCollectionViewController.swift */ = {isa = PBXFileReference; lastKnownFileType = sourcecode.swift; path = CameraRollSampleCollectionViewController.swift; sourceTree = "<group>"; };
		23A34129217308A4009A0ACB /* CameraRollSampleCollectionViewCell.swift */ = {isa = PBXFileReference; lastKnownFileType = sourcecode.swift; path = CameraRollSampleCollectionViewCell.swift; sourceTree = "<group>"; };
		23A3412B217400A5009A0ACB /* ImageViewController.swift */ = {isa = PBXFileReference; lastKnownFileType = sourcecode.swift; path = ImageViewController.swift; sourceTree = "<group>"; };
		7F5F2B43218035E3002E22A9 /* RxCocoa.framework */ = {isa = PBXFileReference; lastKnownFileType = wrapper.framework; name = RxCocoa.framework; path = Carthage/Build/iOS/RxCocoa.framework; sourceTree = "<group>"; };
		7F5F2B44218035E3002E22A9 /* Realm.framework */ = {isa = PBXFileReference; lastKnownFileType = wrapper.framework; name = Realm.framework; path = Carthage/Build/iOS/Realm.framework; sourceTree = "<group>"; };
		7F5F2B45218035E3002E22A9 /* RealmSwift.framework */ = {isa = PBXFileReference; lastKnownFileType = wrapper.framework; name = RealmSwift.framework; path = Carthage/Build/iOS/RealmSwift.framework; sourceTree = "<group>"; };
		7F5F2B46218035E3002E22A9 /* RxSwift.framework */ = {isa = PBXFileReference; lastKnownFileType = wrapper.framework; name = RxSwift.framework; path = Carthage/Build/iOS/RxSwift.framework; sourceTree = "<group>"; };
		7F5F2B4C21803F31002E22A9 /* Nimble.framework */ = {isa = PBXFileReference; lastKnownFileType = wrapper.framework; name = Nimble.framework; path = Carthage/Build/iOS/Nimble.framework; sourceTree = "<group>"; };
		7F5F2B4D21803F31002E22A9 /* Quick.framework */ = {isa = PBXFileReference; lastKnownFileType = wrapper.framework; name = Quick.framework; path = Carthage/Build/iOS/Quick.framework; sourceTree = "<group>"; };
		7F5F2B4E21803F31002E22A9 /* RxTest.framework */ = {isa = PBXFileReference; lastKnownFileType = wrapper.framework; name = RxTest.framework; path = Carthage/Build/iOS/RxTest.framework; sourceTree = "<group>"; };
		7F5F2B4F21803F31002E22A9 /* RxBlocking.framework */ = {isa = PBXFileReference; lastKnownFileType = wrapper.framework; name = RxBlocking.framework; path = Carthage/Build/iOS/RxBlocking.framework; sourceTree = "<group>"; };
		7F5F2B5621804067002E22A9 /* ApiClientMock.swift */ = {isa = PBXFileReference; lastKnownFileType = sourcecode.swift; path = ApiClientMock.swift; sourceTree = "<group>"; };
		7F5F2B5921804094002E22A9 /* GithubJson.swift */ = {isa = PBXFileReference; lastKnownFileType = sourcecode.swift; path = GithubJson.swift; sourceTree = "<group>"; };
		7F5F2B5B218040D0002E22A9 /* GithubApiSpec.swift */ = {isa = PBXFileReference; lastKnownFileType = sourcecode.swift; path = GithubApiSpec.swift; sourceTree = "<group>"; };
		7F5F2B5D218042A3002E22A9 /* GithubRepositorySpec.swift */ = {isa = PBXFileReference; lastKnownFileType = sourcecode.swift; path = GithubRepositorySpec.swift; sourceTree = "<group>"; };
		7F5F2B6021804553002E22A9 /* GithubRepositoryMock.swift */ = {isa = PBXFileReference; lastKnownFileType = sourcecode.swift; path = GithubRepositoryMock.swift; sourceTree = "<group>"; };
		7F5F2B62218046B0002E22A9 /* ContributorDaoMock.swift */ = {isa = PBXFileReference; lastKnownFileType = sourcecode.swift; path = ContributorDaoMock.swift; sourceTree = "<group>"; };
		7F5F2B64218048ED002E22A9 /* GithubApiMock.swift */ = {isa = PBXFileReference; lastKnownFileType = sourcecode.swift; path = GithubApiMock.swift; sourceTree = "<group>"; };
		7F5F2B68218057D7002E22A9 /* WebApiAccessSampleViewModelSpec.swift */ = {isa = PBXFileReference; lastKnownFileType = sourcecode.swift; path = WebApiAccessSampleViewModelSpec.swift; sourceTree = "<group>"; };
		7FAAF877217471DB00089418 /* ApiClient.swift */ = {isa = PBXFileReference; lastKnownFileType = sourcecode.swift; path = ApiClient.swift; sourceTree = "<group>"; };
		7FAAF87921748C1800089418 /* Contributor.swift */ = {isa = PBXFileReference; lastKnownFileType = sourcecode.swift; path = Contributor.swift; sourceTree = "<group>"; };
		7FAAF87B2174947200089418 /* GithubApi.swift */ = {isa = PBXFileReference; lastKnownFileType = sourcecode.swift; path = GithubApi.swift; sourceTree = "<group>"; };
		7FAAF87D217495CF00089418 /* AppError.swift */ = {isa = PBXFileReference; lastKnownFileType = sourcecode.swift; path = AppError.swift; sourceTree = "<group>"; };
		7FAAF87F21757D2C00089418 /* GithubRepository.swift */ = {isa = PBXFileReference; lastKnownFileType = sourcecode.swift; path = GithubRepository.swift; sourceTree = "<group>"; };
		7FAAF8812175ABCC00089418 /* WebApiAccessSampleTableViewController.swift */ = {isa = PBXFileReference; lastKnownFileType = sourcecode.swift; path = WebApiAccessSampleTableViewController.swift; sourceTree = "<group>"; };
		7FAAF8832175ABEE00089418 /* WebApiAccessSampleTableViewCell.swift */ = {isa = PBXFileReference; lastKnownFileType = sourcecode.swift; path = WebApiAccessSampleTableViewCell.swift; sourceTree = "<group>"; };
		7FAAF8852175B11200089418 /* Dependency.swift */ = {isa = PBXFileReference; lastKnownFileType = sourcecode.swift; path = Dependency.swift; sourceTree = "<group>"; };
		7FAAF8882175BE8A00089418 /* UIImageViewExtension.swift */ = {isa = PBXFileReference; lastKnownFileType = sourcecode.swift; path = UIImageViewExtension.swift; sourceTree = "<group>"; };
		7FAAF88C2176FAB100089418 /* WebViewController.swift */ = {isa = PBXFileReference; lastKnownFileType = sourcecode.swift; path = WebViewController.swift; sourceTree = "<group>"; };
		7FAAF899217818DB00089418 /* WebApiAccessSampleViewModel.swift */ = {isa = PBXFileReference; lastKnownFileType = sourcecode.swift; path = WebApiAccessSampleViewModel.swift; sourceTree = "<group>"; };
		7FAAF8AB21799C4800089418 /* ContributorObject.swift */ = {isa = PBXFileReference; lastKnownFileType = sourcecode.swift; path = ContributorObject.swift; sourceTree = "<group>"; };
		7FAAF8AD2179AE7500089418 /* Database.swift */ = {isa = PBXFileReference; lastKnownFileType = sourcecode.swift; path = Database.swift; sourceTree = "<group>"; };
		7FAAF8AF2179B07F00089418 /* Compatible.swift */ = {isa = PBXFileReference; lastKnownFileType = sourcecode.swift; path = Compatible.swift; sourceTree = "<group>"; };
		7FAAF8B12179BF6200089418 /* ContributorDao.swift */ = {isa = PBXFileReference; lastKnownFileType = sourcecode.swift; path = ContributorDao.swift; sourceTree = "<group>"; };
		7FAAF8B32179D6D800089418 /* Uniquable.swift */ = {isa = PBXFileReference; lastKnownFileType = sourcecode.swift; path = Uniquable.swift; sourceTree = "<group>"; };
/* End PBXFileReference section */

/* Begin PBXFrameworksBuildPhase section */
		23096F7621610AC200560CAF /* Frameworks */ = {
			isa = PBXFrameworksBuildPhase;
			buildActionMask = 2147483647;
			files = (
				7F5F2B47218035E3002E22A9 /* RxCocoa.framework in Frameworks */,
				7F5F2B48218035E3002E22A9 /* Realm.framework in Frameworks */,
				7F5F2B49218035E3002E22A9 /* RealmSwift.framework in Frameworks */,
				7F5F2B4A218035E3002E22A9 /* RxSwift.framework in Frameworks */,
			);
			runOnlyForDeploymentPostprocessing = 0;
		};
		23096F8A21610AC600560CAF /* Frameworks */ = {
			isa = PBXFrameworksBuildPhase;
			buildActionMask = 2147483647;
			files = (
				7F5F2B5021803F31002E22A9 /* Nimble.framework in Frameworks */,
				7F5F2B5121803F31002E22A9 /* Quick.framework in Frameworks */,
				7F5F2B5221803F31002E22A9 /* RxTest.framework in Frameworks */,
				7F5F2B5321803F31002E22A9 /* RxBlocking.framework in Frameworks */,
			);
			runOnlyForDeploymentPostprocessing = 0;
		};
		23096F9521610AC600560CAF /* Frameworks */ = {
			isa = PBXFrameworksBuildPhase;
			buildActionMask = 2147483647;
			files = (
			);
			runOnlyForDeploymentPostprocessing = 0;
		};
/* End PBXFrameworksBuildPhase section */

/* Begin PBXGroup section */
		23096F7021610AC200560CAF = {
			isa = PBXGroup;
			children = (
				23096F7B21610AC200560CAF /* Learning-iOS */,
				23096F9021610AC600560CAF /* Learning-iOSTests */,
				23096F9B21610AC600560CAF /* Learning-iOSUITests */,
				23096F7A21610AC200560CAF /* Products */,
				7FAAF88E2177082400089418 /* Frameworks */,
			);
			sourceTree = "<group>";
		};
		23096F7A21610AC200560CAF /* Products */ = {
			isa = PBXGroup;
			children = (
				23096F7921610AC200560CAF /* Learning-iOS.app */,
				23096F8D21610AC600560CAF /* Learning-iOSTests.xctest */,
				23096F9821610AC600560CAF /* Learning-iOSUITests.xctest */,
			);
			name = Products;
			sourceTree = "<group>";
		};
		23096F7B21610AC200560CAF /* Learning-iOS */ = {
			isa = PBXGroup;
			children = (
				7FAAF8872175BE7600089418 /* extension */,
				7FAAF89D2178522900089418 /* di */,
				7FAAF89C2178520300089418 /* view */,
				7FAAF89B217851EC00089418 /* viewmodel */,
				7FAAF876217471C100089418 /* model */,
				23096F7C21610AC200560CAF /* AppDelegate.swift */,
				23096F7E21610AC200560CAF /* MainViewController.swift */,
				23096F8021610AC200560CAF /* Main.storyboard */,
				23096F8321610AC600560CAF /* Assets.xcassets */,
				23096F8521610AC600560CAF /* LaunchScreen.storyboard */,
				23096F8821610AC600560CAF /* Info.plist */,
				23096FAC21625D1A00560CAF /* SceneChangeSampleViewController.swift */,
				239DA0512164F45600A4E7FD /* CounterSampleViewController.swift */,
				239DA0532166D99D00A4E7FD /* NavigationWithParameterSampleViewController.swift */,
				239DA0552166DA1600A4E7FD /* ReceiveParameterSampleViewController.swift */,
				239DA057216E305A00A4E7FD /* CameraViewController.swift */,
				239DA0592172F38B00A4E7FD /* CameraRollSampleCollectionViewController.swift */,
				23A34129217308A4009A0ACB /* CameraRollSampleCollectionViewCell.swift */,
				23A3412B217400A5009A0ACB /* ImageViewController.swift */,
			);
			path = "Learning-iOS";
			sourceTree = "<group>";
		};
		23096F9021610AC600560CAF /* Learning-iOSTests */ = {
			isa = PBXGroup;
			children = (
				7F5F2B67218057C5002E22A9 /* viewmodel */,
				7F5F2B5F218043B3002E22A9 /* mock */,
				7F5F2B5821804080002E22A9 /* res */,
				7F5F2B5521804056002E22A9 /* model */,
				23096F9121610AC600560CAF /* Learning_iOSTests.swift */,
				23096F9321610AC600560CAF /* Info.plist */,
			);
			path = "Learning-iOSTests";
			sourceTree = "<group>";
		};
		23096F9B21610AC600560CAF /* Learning-iOSUITests */ = {
			isa = PBXGroup;
			children = (
				23096F9C21610AC600560CAF /* Learning_iOSUITests.swift */,
				23096F9E21610AC600560CAF /* Info.plist */,
			);
			path = "Learning-iOSUITests";
			sourceTree = "<group>";
		};
		7F5F2B5521804056002E22A9 /* model */ = {
			isa = PBXGroup;
			children = (
				7F5F2B5B218040D0002E22A9 /* GithubApiSpec.swift */,
				7F5F2B5D218042A3002E22A9 /* GithubRepositorySpec.swift */,
			);
			path = model;
			sourceTree = "<group>";
		};
		7F5F2B5821804080002E22A9 /* res */ = {
			isa = PBXGroup;
			children = (
				7F5F2B5921804094002E22A9 /* GithubJson.swift */,
			);
			path = res;
			sourceTree = "<group>";
		};
		7F5F2B5F218043B3002E22A9 /* mock */ = {
			isa = PBXGroup;
			children = (
				7F5F2B5621804067002E22A9 /* ApiClientMock.swift */,
				7F5F2B6021804553002E22A9 /* GithubRepositoryMock.swift */,
				7F5F2B62218046B0002E22A9 /* ContributorDaoMock.swift */,
				7F5F2B64218048ED002E22A9 /* GithubApiMock.swift */,
			);
			path = mock;
			sourceTree = "<group>";
		};
		7F5F2B67218057C5002E22A9 /* viewmodel */ = {
			isa = PBXGroup;
			children = (
				7F5F2B68218057D7002E22A9 /* WebApiAccessSampleViewModelSpec.swift */,
			);
			path = viewmodel;
			sourceTree = "<group>";
		};
		7FAAF876217471C100089418 /* model */ = {
			isa = PBXGroup;
			children = (
				7FAAF877217471DB00089418 /* ApiClient.swift */,
				7FAAF87921748C1800089418 /* Contributor.swift */,
				7FAAF87B2174947200089418 /* GithubApi.swift */,
				7FAAF87D217495CF00089418 /* AppError.swift */,
				7FAAF87F21757D2C00089418 /* GithubRepository.swift */,
				7FAAF8AB21799C4800089418 /* ContributorObject.swift */,
				7FAAF8AD2179AE7500089418 /* Database.swift */,
				7FAAF8AF2179B07F00089418 /* Compatible.swift */,
				7FAAF8B12179BF6200089418 /* ContributorDao.swift */,
				7FAAF8B32179D6D800089418 /* Uniquable.swift */,
			);
			path = model;
			sourceTree = "<group>";
		};
		7FAAF8872175BE7600089418 /* extension */ = {
			isa = PBXGroup;
			children = (
				7FAAF8882175BE8A00089418 /* UIImageViewExtension.swift */,
			);
			path = extension;
			sourceTree = "<group>";
		};
		7FAAF88E2177082400089418 /* Frameworks */ = {
			isa = PBXGroup;
			children = (
				7F5F2B4C21803F31002E22A9 /* Nimble.framework */,
				7F5F2B4D21803F31002E22A9 /* Quick.framework */,
				7F5F2B4F21803F31002E22A9 /* RxBlocking.framework */,
				7F5F2B4E21803F31002E22A9 /* RxTest.framework */,
				7F5F2B44218035E3002E22A9 /* Realm.framework */,
				7F5F2B45218035E3002E22A9 /* RealmSwift.framework */,
				7F5F2B43218035E3002E22A9 /* RxCocoa.framework */,
				7F5F2B46218035E3002E22A9 /* RxSwift.framework */,
			);
			name = Frameworks;
			sourceTree = "<group>";
		};
		7FAAF89B217851EC00089418 /* viewmodel */ = {
			isa = PBXGroup;
			children = (
				7FAAF899217818DB00089418 /* WebApiAccessSampleViewModel.swift */,
			);
			path = viewmodel;
			sourceTree = "<group>";
		};
		7FAAF89C2178520300089418 /* view */ = {
			isa = PBXGroup;
			children = (
				7FAAF8812175ABCC00089418 /* WebApiAccessSampleTableViewController.swift */,
				7FAAF8832175ABEE00089418 /* WebApiAccessSampleTableViewCell.swift */,
				7FAAF88C2176FAB100089418 /* WebViewController.swift */,
			);
			path = view;
			sourceTree = "<group>";
		};
		7FAAF89D2178522900089418 /* di */ = {
			isa = PBXGroup;
			children = (
				7FAAF8852175B11200089418 /* Dependency.swift */,
			);
			path = di;
			sourceTree = "<group>";
		};
/* End PBXGroup section */

/* Begin PBXNativeTarget section */
		23096F7821610AC200560CAF /* Learning-iOS */ = {
			isa = PBXNativeTarget;
			buildConfigurationList = 23096FA121610AC600560CAF /* Build configuration list for PBXNativeTarget "Learning-iOS" */;
			buildPhases = (
				23096F7521610AC200560CAF /* Sources */,
				23096F7621610AC200560CAF /* Frameworks */,
				23096F7721610AC200560CAF /* Resources */,
				7F5F2B4B218035F6002E22A9 /* ShellScript */,
			);
			buildRules = (
			);
			dependencies = (
			);
			name = "Learning-iOS";
			productName = "Learning-iOS";
			productReference = 23096F7921610AC200560CAF /* Learning-iOS.app */;
			productType = "com.apple.product-type.application";
		};
		23096F8C21610AC600560CAF /* Learning-iOSTests */ = {
			isa = PBXNativeTarget;
			buildConfigurationList = 23096FA421610AC600560CAF /* Build configuration list for PBXNativeTarget "Learning-iOSTests" */;
			buildPhases = (
				23096F8921610AC600560CAF /* Sources */,
				23096F8A21610AC600560CAF /* Frameworks */,
				23096F8B21610AC600560CAF /* Resources */,
				7F5F2B5421803F64002E22A9 /* ShellScript */,
			);
			buildRules = (
			);
			dependencies = (
				23096F8F21610AC600560CAF /* PBXTargetDependency */,
			);
			name = "Learning-iOSTests";
			productName = "Learning-iOSTests";
			productReference = 23096F8D21610AC600560CAF /* Learning-iOSTests.xctest */;
			productType = "com.apple.product-type.bundle.unit-test";
		};
		23096F9721610AC600560CAF /* Learning-iOSUITests */ = {
			isa = PBXNativeTarget;
			buildConfigurationList = 23096FA721610AC600560CAF /* Build configuration list for PBXNativeTarget "Learning-iOSUITests" */;
			buildPhases = (
				23096F9421610AC600560CAF /* Sources */,
				23096F9521610AC600560CAF /* Frameworks */,
				23096F9621610AC600560CAF /* Resources */,
			);
			buildRules = (
			);
			dependencies = (
				23096F9A21610AC600560CAF /* PBXTargetDependency */,
			);
			name = "Learning-iOSUITests";
			productName = "Learning-iOSUITests";
			productReference = 23096F9821610AC600560CAF /* Learning-iOSUITests.xctest */;
			productType = "com.apple.product-type.bundle.ui-testing";
		};
/* End PBXNativeTarget section */

/* Begin PBXProject section */
		23096F7121610AC200560CAF /* Project object */ = {
			isa = PBXProject;
			attributes = {
				LastSwiftUpdateCheck = 1000;
				LastUpgradeCheck = 1000;
				ORGANIZATIONNAME = "Keita Watanabe";
				TargetAttributes = {
					23096F7821610AC200560CAF = {
						CreatedOnToolsVersion = 10.0;
					};
					23096F8C21610AC600560CAF = {
						CreatedOnToolsVersion = 10.0;
						TestTargetID = 23096F7821610AC200560CAF;
					};
					23096F9721610AC600560CAF = {
						CreatedOnToolsVersion = 10.0;
						TestTargetID = 23096F7821610AC200560CAF;
					};
				};
			};
			buildConfigurationList = 23096F7421610AC200560CAF /* Build configuration list for PBXProject "Learning-iOS" */;
			compatibilityVersion = "Xcode 9.3";
			developmentRegion = en;
			hasScannedForEncodings = 0;
			knownRegions = (
				en,
				Base,
			);
			mainGroup = 23096F7021610AC200560CAF;
			productRefGroup = 23096F7A21610AC200560CAF /* Products */;
			projectDirPath = "";
			projectRoot = "";
			targets = (
				23096F7821610AC200560CAF /* Learning-iOS */,
				23096F8C21610AC600560CAF /* Learning-iOSTests */,
				23096F9721610AC600560CAF /* Learning-iOSUITests */,
			);
		};
/* End PBXProject section */

/* Begin PBXResourcesBuildPhase section */
		23096F7721610AC200560CAF /* Resources */ = {
			isa = PBXResourcesBuildPhase;
			buildActionMask = 2147483647;
			files = (
				23096F8721610AC600560CAF /* LaunchScreen.storyboard in Resources */,
				23096F8421610AC600560CAF /* Assets.xcassets in Resources */,
				23096F8221610AC200560CAF /* Main.storyboard in Resources */,
			);
			runOnlyForDeploymentPostprocessing = 0;
		};
		23096F8B21610AC600560CAF /* Resources */ = {
			isa = PBXResourcesBuildPhase;
			buildActionMask = 2147483647;
			files = (
			);
			runOnlyForDeploymentPostprocessing = 0;
		};
		23096F9621610AC600560CAF /* Resources */ = {
			isa = PBXResourcesBuildPhase;
			buildActionMask = 2147483647;
			files = (
			);
			runOnlyForDeploymentPostprocessing = 0;
		};
/* End PBXResourcesBuildPhase section */

/* Begin PBXShellScriptBuildPhase section */
		7F5F2B4B218035F6002E22A9 /* ShellScript */ = {
			isa = PBXShellScriptBuildPhase;
			buildActionMask = 2147483647;
			files = (
			);
			inputFileListPaths = (
			);
			inputPaths = (
				"$(SRCROOT)/Carthage/Build/iOS/RxSwift.framework",
				"$(SRCROOT)/Carthage/Build/iOS/RxCocoa.framework",
				"$(SRCROOT)/Carthage/Build/iOS/Realm.framework",
				"$(SRCROOT)/Carthage/Build/iOS/RealmSwift.framework",
			);
			outputFileListPaths = (
			);
			outputPaths = (
			);
			runOnlyForDeploymentPostprocessing = 0;
			shellPath = /bin/sh;
			shellScript = "# Type a script or drag a script file from your workspace to insert its path.\n/usr/local/bin/carthage copy-frameworks\n";
		};
		7F5F2B5421803F64002E22A9 /* ShellScript */ = {
			isa = PBXShellScriptBuildPhase;
			buildActionMask = 2147483647;
			files = (
			);
			inputFileListPaths = (
			);
			inputPaths = (
				"$(SRCROOT)/Carthage/Build/iOS/RxTest.framework",
				"$(SRCROOT)/Carthage/Build/iOS/RxBlocking.framework",
				"$(SRCROOT)/Carthage/Build/iOS/Quick.framework",
				"$(SRCROOT)/Carthage/Build/iOS/Nimble.framework",
			);
			outputFileListPaths = (
			);
			outputPaths = (
			);
			runOnlyForDeploymentPostprocessing = 0;
			shellPath = /bin/sh;
			shellScript = "# Type a script or drag a script file from your workspace to insert its path.\n/usr/local/bin/carthage copy-frameworks\n";
		};
/* End PBXShellScriptBuildPhase section */

/* Begin PBXSourcesBuildPhase section */
		23096F7521610AC200560CAF /* Sources */ = {
			isa = PBXSourcesBuildPhase;
			buildActionMask = 2147483647;
			files = (
				7FAAF878217471DB00089418 /* ApiClient.swift in Sources */,
				239DA05A2172F38B00A4E7FD /* CameraRollSampleCollectionViewController.swift in Sources */,
				23096F7F21610AC200560CAF /* MainViewController.swift in Sources */,
				7FAAF88D2176FAB100089418 /* WebViewController.swift in Sources */,
				7FAAF8892175BE8A00089418 /* UIImageViewExtension.swift in Sources */,
				7FAAF8B02179B07F00089418 /* Compatible.swift in Sources */,
				23A3412C217400A5009A0ACB /* ImageViewController.swift in Sources */,
				7FAAF87C2174947200089418 /* GithubApi.swift in Sources */,
				23096FAD21625D1A00560CAF /* SceneChangeSampleViewController.swift in Sources */,
				7FAAF8AC21799C4800089418 /* ContributorObject.swift in Sources */,
				7FAAF8B42179D6D800089418 /* Uniquable.swift in Sources */,
				23096F7D21610AC200560CAF /* AppDelegate.swift in Sources */,
				239DA0542166D99D00A4E7FD /* NavigationWithParameterSampleViewController.swift in Sources */,
				7FAAF87A21748C1800089418 /* Contributor.swift in Sources */,
				7FAAF8B22179BF6200089418 /* ContributorDao.swift in Sources */,
				7FAAF8822175ABCC00089418 /* WebApiAccessSampleTableViewController.swift in Sources */,
				7FAAF87E217495CF00089418 /* AppError.swift in Sources */,
				7FAAF8842175ABEE00089418 /* WebApiAccessSampleTableViewCell.swift in Sources */,
				7FAAF8862175B11200089418 /* Dependency.swift in Sources */,
				23A3412A217308A4009A0ACB /* CameraRollSampleCollectionViewCell.swift in Sources */,
				7FAAF89A217818DB00089418 /* WebApiAccessSampleViewModel.swift in Sources */,
				239DA058216E305A00A4E7FD /* CameraViewController.swift in Sources */,
				7FAAF88021757D2C00089418 /* GithubRepository.swift in Sources */,
				239DA0562166DA1600A4E7FD /* ReceiveParameterSampleViewController.swift in Sources */,
				239DA0522164F45600A4E7FD /* CounterSampleViewController.swift in Sources */,
				7FAAF8AE2179AE7500089418 /* Database.swift in Sources */,
			);
			runOnlyForDeploymentPostprocessing = 0;
		};
		23096F8921610AC600560CAF /* Sources */ = {
			isa = PBXSourcesBuildPhase;
			buildActionMask = 2147483647;
			files = (
				7F5F2B6121804553002E22A9 /* GithubRepositoryMock.swift in Sources */,
				7F5F2B63218046B0002E22A9 /* ContributorDaoMock.swift in Sources */,
				7F5F2B5E218042A3002E22A9 /* GithubRepositorySpec.swift in Sources */,
				23096F9221610AC600560CAF /* Learning_iOSTests.swift in Sources */,
				7F5F2B5A21804094002E22A9 /* GithubJson.swift in Sources */,
				7F5F2B69218057D7002E22A9 /* WebApiAccessSampleViewModelSpec.swift in Sources */,
				7F5F2B65218048ED002E22A9 /* GithubApiMock.swift in Sources */,
				7F5F2B5C218040D0002E22A9 /* GithubApiSpec.swift in Sources */,
				7F5F2B5721804067002E22A9 /* ApiClientMock.swift in Sources */,
			);
			runOnlyForDeploymentPostprocessing = 0;
		};
		23096F9421610AC600560CAF /* Sources */ = {
			isa = PBXSourcesBuildPhase;
			buildActionMask = 2147483647;
			files = (
				23096F9D21610AC600560CAF /* Learning_iOSUITests.swift in Sources */,
			);
			runOnlyForDeploymentPostprocessing = 0;
		};
/* End PBXSourcesBuildPhase section */

/* Begin PBXTargetDependency section */
		23096F8F21610AC600560CAF /* PBXTargetDependency */ = {
			isa = PBXTargetDependency;
			target = 23096F7821610AC200560CAF /* Learning-iOS */;
			targetProxy = 23096F8E21610AC600560CAF /* PBXContainerItemProxy */;
		};
		23096F9A21610AC600560CAF /* PBXTargetDependency */ = {
			isa = PBXTargetDependency;
			target = 23096F7821610AC200560CAF /* Learning-iOS */;
			targetProxy = 23096F9921610AC600560CAF /* PBXContainerItemProxy */;
		};
/* End PBXTargetDependency section */

/* Begin PBXVariantGroup section */
		23096F8021610AC200560CAF /* Main.storyboard */ = {
			isa = PBXVariantGroup;
			children = (
				23096F8121610AC200560CAF /* Base */,
			);
			name = Main.storyboard;
			sourceTree = "<group>";
		};
		23096F8521610AC600560CAF /* LaunchScreen.storyboard */ = {
			isa = PBXVariantGroup;
			children = (
				23096F8621610AC600560CAF /* Base */,
			);
			name = LaunchScreen.storyboard;
			sourceTree = "<group>";
		};
/* End PBXVariantGroup section */

/* Begin XCBuildConfiguration section */
		23096F9F21610AC600560CAF /* Debug */ = {
			isa = XCBuildConfiguration;
			buildSettings = {
				ALWAYS_SEARCH_USER_PATHS = NO;
				CLANG_ANALYZER_NONNULL = YES;
				CLANG_ANALYZER_NUMBER_OBJECT_CONVERSION = YES_AGGRESSIVE;
				CLANG_CXX_LANGUAGE_STANDARD = "gnu++14";
				CLANG_CXX_LIBRARY = "libc++";
				CLANG_ENABLE_MODULES = YES;
				CLANG_ENABLE_OBJC_ARC = YES;
				CLANG_ENABLE_OBJC_WEAK = YES;
				CLANG_WARN_BLOCK_CAPTURE_AUTORELEASING = YES;
				CLANG_WARN_BOOL_CONVERSION = YES;
				CLANG_WARN_COMMA = YES;
				CLANG_WARN_CONSTANT_CONVERSION = YES;
				CLANG_WARN_DEPRECATED_OBJC_IMPLEMENTATIONS = YES;
				CLANG_WARN_DIRECT_OBJC_ISA_USAGE = YES_ERROR;
				CLANG_WARN_DOCUMENTATION_COMMENTS = YES;
				CLANG_WARN_EMPTY_BODY = YES;
				CLANG_WARN_ENUM_CONVERSION = YES;
				CLANG_WARN_INFINITE_RECURSION = YES;
				CLANG_WARN_INT_CONVERSION = YES;
				CLANG_WARN_NON_LITERAL_NULL_CONVERSION = YES;
				CLANG_WARN_OBJC_IMPLICIT_RETAIN_SELF = YES;
				CLANG_WARN_OBJC_LITERAL_CONVERSION = YES;
				CLANG_WARN_OBJC_ROOT_CLASS = YES_ERROR;
				CLANG_WARN_RANGE_LOOP_ANALYSIS = YES;
				CLANG_WARN_STRICT_PROTOTYPES = YES;
				CLANG_WARN_SUSPICIOUS_MOVE = YES;
				CLANG_WARN_UNGUARDED_AVAILABILITY = YES_AGGRESSIVE;
				CLANG_WARN_UNREACHABLE_CODE = YES;
				CLANG_WARN__DUPLICATE_METHOD_MATCH = YES;
				CODE_SIGN_IDENTITY = "iPhone Developer";
				COPY_PHASE_STRIP = NO;
				DEBUG_INFORMATION_FORMAT = dwarf;
				ENABLE_STRICT_OBJC_MSGSEND = YES;
				ENABLE_TESTABILITY = YES;
				GCC_C_LANGUAGE_STANDARD = gnu11;
				GCC_DYNAMIC_NO_PIC = NO;
				GCC_NO_COMMON_BLOCKS = YES;
				GCC_OPTIMIZATION_LEVEL = 0;
				GCC_PREPROCESSOR_DEFINITIONS = (
					"DEBUG=1",
					"$(inherited)",
				);
				GCC_WARN_64_TO_32_BIT_CONVERSION = YES;
				GCC_WARN_ABOUT_RETURN_TYPE = YES_ERROR;
				GCC_WARN_UNDECLARED_SELECTOR = YES;
				GCC_WARN_UNINITIALIZED_AUTOS = YES_AGGRESSIVE;
				GCC_WARN_UNUSED_FUNCTION = YES;
				GCC_WARN_UNUSED_VARIABLE = YES;
				IPHONEOS_DEPLOYMENT_TARGET = 12.0;
				MTL_ENABLE_DEBUG_INFO = INCLUDE_SOURCE;
				MTL_FAST_MATH = YES;
				ONLY_ACTIVE_ARCH = YES;
				SDKROOT = iphoneos;
				SWIFT_ACTIVE_COMPILATION_CONDITIONS = DEBUG;
				SWIFT_OPTIMIZATION_LEVEL = "-Onone";
			};
			name = Debug;
		};
		23096FA021610AC600560CAF /* Release */ = {
			isa = XCBuildConfiguration;
			buildSettings = {
				ALWAYS_SEARCH_USER_PATHS = NO;
				CLANG_ANALYZER_NONNULL = YES;
				CLANG_ANALYZER_NUMBER_OBJECT_CONVERSION = YES_AGGRESSIVE;
				CLANG_CXX_LANGUAGE_STANDARD = "gnu++14";
				CLANG_CXX_LIBRARY = "libc++";
				CLANG_ENABLE_MODULES = YES;
				CLANG_ENABLE_OBJC_ARC = YES;
				CLANG_ENABLE_OBJC_WEAK = YES;
				CLANG_WARN_BLOCK_CAPTURE_AUTORELEASING = YES;
				CLANG_WARN_BOOL_CONVERSION = YES;
				CLANG_WARN_COMMA = YES;
				CLANG_WARN_CONSTANT_CONVERSION = YES;
				CLANG_WARN_DEPRECATED_OBJC_IMPLEMENTATIONS = YES;
				CLANG_WARN_DIRECT_OBJC_ISA_USAGE = YES_ERROR;
				CLANG_WARN_DOCUMENTATION_COMMENTS = YES;
				CLANG_WARN_EMPTY_BODY = YES;
				CLANG_WARN_ENUM_CONVERSION = YES;
				CLANG_WARN_INFINITE_RECURSION = YES;
				CLANG_WARN_INT_CONVERSION = YES;
				CLANG_WARN_NON_LITERAL_NULL_CONVERSION = YES;
				CLANG_WARN_OBJC_IMPLICIT_RETAIN_SELF = YES;
				CLANG_WARN_OBJC_LITERAL_CONVERSION = YES;
				CLANG_WARN_OBJC_ROOT_CLASS = YES_ERROR;
				CLANG_WARN_RANGE_LOOP_ANALYSIS = YES;
				CLANG_WARN_STRICT_PROTOTYPES = YES;
				CLANG_WARN_SUSPICIOUS_MOVE = YES;
				CLANG_WARN_UNGUARDED_AVAILABILITY = YES_AGGRESSIVE;
				CLANG_WARN_UNREACHABLE_CODE = YES;
				CLANG_WARN__DUPLICATE_METHOD_MATCH = YES;
				CODE_SIGN_IDENTITY = "iPhone Developer";
				COPY_PHASE_STRIP = NO;
				DEBUG_INFORMATION_FORMAT = "dwarf-with-dsym";
				ENABLE_NS_ASSERTIONS = NO;
				ENABLE_STRICT_OBJC_MSGSEND = YES;
				GCC_C_LANGUAGE_STANDARD = gnu11;
				GCC_NO_COMMON_BLOCKS = YES;
				GCC_WARN_64_TO_32_BIT_CONVERSION = YES;
				GCC_WARN_ABOUT_RETURN_TYPE = YES_ERROR;
				GCC_WARN_UNDECLARED_SELECTOR = YES;
				GCC_WARN_UNINITIALIZED_AUTOS = YES_AGGRESSIVE;
				GCC_WARN_UNUSED_FUNCTION = YES;
				GCC_WARN_UNUSED_VARIABLE = YES;
				IPHONEOS_DEPLOYMENT_TARGET = 12.0;
				MTL_ENABLE_DEBUG_INFO = NO;
				MTL_FAST_MATH = YES;
				SDKROOT = iphoneos;
				SWIFT_COMPILATION_MODE = wholemodule;
				SWIFT_OPTIMIZATION_LEVEL = "-O";
				VALIDATE_PRODUCT = YES;
			};
			name = Release;
		};
		23096FA221610AC600560CAF /* Debug */ = {
			isa = XCBuildConfiguration;
			buildSettings = {
				ASSETCATALOG_COMPILER_APPICON_NAME = AppIcon;
				CODE_SIGN_IDENTITY = "iPhone Developer";
				CODE_SIGN_STYLE = Automatic;
				DEVELOPMENT_TEAM = B5JDDMB474;
				FRAMEWORK_SEARCH_PATHS = (
					"$(inherited)",
					"$(PROJECT_DIR)/Carthage/Build/iOS",
				);
				INFOPLIST_FILE = "Learning-iOS/Info.plist";
				LD_RUNPATH_SEARCH_PATHS = (
					"$(inherited)",
					"@executable_path/Frameworks",
				);
				PRODUCT_BUNDLE_IDENTIFIER = "com.github.kitwtnb.Learning-iOS";
				PRODUCT_NAME = "$(TARGET_NAME)";
				PROVISIONING_PROFILE_SPECIFIER = "";
				SWIFT_VERSION = 4.2;
				TARGETED_DEVICE_FAMILY = "1,2";
			};
			name = Debug;
		};
		23096FA321610AC600560CAF /* Release */ = {
			isa = XCBuildConfiguration;
			buildSettings = {
				ASSETCATALOG_COMPILER_APPICON_NAME = AppIcon;
				CODE_SIGN_IDENTITY = "iPhone Developer";
				CODE_SIGN_STYLE = Automatic;
				DEVELOPMENT_TEAM = B5JDDMB474;
				FRAMEWORK_SEARCH_PATHS = (
					"$(inherited)",
					"$(PROJECT_DIR)/Carthage/Build/iOS",
				);
				INFOPLIST_FILE = "Learning-iOS/Info.plist";
				LD_RUNPATH_SEARCH_PATHS = (
					"$(inherited)",
					"@executable_path/Frameworks",
				);
				PRODUCT_BUNDLE_IDENTIFIER = "com.github.kitwtnb.Learning-iOS";
				PRODUCT_NAME = "$(TARGET_NAME)";
				PROVISIONING_PROFILE_SPECIFIER = "";
				SWIFT_VERSION = 4.2;
				TARGETED_DEVICE_FAMILY = "1,2";
			};
			name = Release;
		};
		23096FA521610AC600560CAF /* Debug */ = {
			isa = XCBuildConfiguration;
			buildSettings = {
				ALWAYS_EMBED_SWIFT_STANDARD_LIBRARIES = YES;
				BUNDLE_LOADER = "$(TEST_HOST)";
				CODE_SIGN_STYLE = Automatic;
				DEVELOPMENT_TEAM = B5JDDMB474;
				FRAMEWORK_SEARCH_PATHS = (
					"$(inherited)",
					"$(PROJECT_DIR)/Carthage/Build/iOS",
				);
				INFOPLIST_FILE = "Learning-iOSTests/Info.plist";
				LD_RUNPATH_SEARCH_PATHS = (
					"$(inherited)",
					"@executable_path/Frameworks",
					"@loader_path/Frameworks",
				);
				PRODUCT_BUNDLE_IDENTIFIER = "com.github.kitwtnb.Learning-iOSTests";
				PRODUCT_NAME = "$(TARGET_NAME)";
				SWIFT_VERSION = 4.2;
				TARGETED_DEVICE_FAMILY = "1,2";
				TEST_HOST = "$(BUILT_PRODUCTS_DIR)/Learning-iOS.app/Learning-iOS";
			};
			name = Debug;
		};
		23096FA621610AC600560CAF /* Release */ = {
			isa = XCBuildConfiguration;
			buildSettings = {
				ALWAYS_EMBED_SWIFT_STANDARD_LIBRARIES = YES;
				BUNDLE_LOADER = "$(TEST_HOST)";
				CODE_SIGN_STYLE = Automatic;
				DEVELOPMENT_TEAM = B5JDDMB474;
				FRAMEWORK_SEARCH_PATHS = (
					"$(inherited)",
					"$(PROJECT_DIR)/Carthage/Build/iOS",
				);
				INFOPLIST_FILE = "Learning-iOSTests/Info.plist";
				LD_RUNPATH_SEARCH_PATHS = (
					"$(inherited)",
					"@executable_path/Frameworks",
					"@loader_path/Frameworks",
				);
				PRODUCT_BUNDLE_IDENTIFIER = "com.github.kitwtnb.Learning-iOSTests";
				PRODUCT_NAME = "$(TARGET_NAME)";
				SWIFT_VERSION = 4.2;
				TARGETED_DEVICE_FAMILY = "1,2";
				TEST_HOST = "$(BUILT_PRODUCTS_DIR)/Learning-iOS.app/Learning-iOS";
			};
			name = Release;
		};
		23096FA821610AC600560CAF /* Debug */ = {
			isa = XCBuildConfiguration;
			buildSettings = {
				ALWAYS_EMBED_SWIFT_STANDARD_LIBRARIES = YES;
				CODE_SIGN_STYLE = Automatic;
				DEVELOPMENT_TEAM = B5JDDMB474;
				INFOPLIST_FILE = "Learning-iOSUITests/Info.plist";
				LD_RUNPATH_SEARCH_PATHS = (
					"$(inherited)",
					"@executable_path/Frameworks",
					"@loader_path/Frameworks",
				);
				PRODUCT_BUNDLE_IDENTIFIER = "com.github.kitwtnb.Learning-iOSUITests";
				PRODUCT_NAME = "$(TARGET_NAME)";
				SWIFT_VERSION = 4.2;
				TARGETED_DEVICE_FAMILY = "1,2";
				TEST_TARGET_NAME = "Learning-iOS";
			};
			name = Debug;
		};
		23096FA921610AC600560CAF /* Release */ = {
			isa = XCBuildConfiguration;
			buildSettings = {
				ALWAYS_EMBED_SWIFT_STANDARD_LIBRARIES = YES;
				CODE_SIGN_STYLE = Automatic;
				DEVELOPMENT_TEAM = B5JDDMB474;
				INFOPLIST_FILE = "Learning-iOSUITests/Info.plist";
				LD_RUNPATH_SEARCH_PATHS = (
					"$(inherited)",
					"@executable_path/Frameworks",
					"@loader_path/Frameworks",
				);
				PRODUCT_BUNDLE_IDENTIFIER = "com.github.kitwtnb.Learning-iOSUITests";
				PRODUCT_NAME = "$(TARGET_NAME)";
				SWIFT_VERSION = 4.2;
				TARGETED_DEVICE_FAMILY = "1,2";
				TEST_TARGET_NAME = "Learning-iOS";
			};
			name = Release;
		};
/* End XCBuildConfiguration section */

/* Begin XCConfigurationList section */
		23096F7421610AC200560CAF /* Build configuration list for PBXProject "Learning-iOS" */ = {
			isa = XCConfigurationList;
			buildConfigurations = (
				23096F9F21610AC600560CAF /* Debug */,
				23096FA021610AC600560CAF /* Release */,
			);
			defaultConfigurationIsVisible = 0;
			defaultConfigurationName = Release;
		};
		23096FA121610AC600560CAF /* Build configuration list for PBXNativeTarget "Learning-iOS" */ = {
			isa = XCConfigurationList;
			buildConfigurations = (
				23096FA221610AC600560CAF /* Debug */,
				23096FA321610AC600560CAF /* Release */,
			);
			defaultConfigurationIsVisible = 0;
			defaultConfigurationName = Release;
		};
		23096FA421610AC600560CAF /* Build configuration list for PBXNativeTarget "Learning-iOSTests" */ = {
			isa = XCConfigurationList;
			buildConfigurations = (
				23096FA521610AC600560CAF /* Debug */,
				23096FA621610AC600560CAF /* Release */,
			);
			defaultConfigurationIsVisible = 0;
			defaultConfigurationName = Release;
		};
		23096FA721610AC600560CAF /* Build configuration list for PBXNativeTarget "Learning-iOSUITests" */ = {
			isa = XCConfigurationList;
			buildConfigurations = (
				23096FA821610AC600560CAF /* Debug */,
				23096FA921610AC600560CAF /* Release */,
			);
			defaultConfigurationIsVisible = 0;
			defaultConfigurationName = Release;
		};
/* End XCConfigurationList section */
	};
	rootObject = 23096F7121610AC200560CAF /* Project object */;
}
